
Microsoft Visual Studio Solution File, Format Version 12.00
# Visual Studio 15
Project("{FAE04EC0-301F-11D3-BF4B-00C04F79EFBC}") = "Ising", "Ising.csproj", "{C0F38F23-6CB5-4349-9183-5B6B568A0B1D}"
EndProject
Global
	GlobalSection(SolutionConfigurationPlatforms) = preSolution
		Debug|Any CPU = Debug|Any CPU
		Release|Any CPU = Release|Any CPU
	EndGlobalSection
	GlobalSection(ProjectConfigurationPlatforms) = postSolution
		{C0F38F23-6CB5-4349-9183-5B6B568A0B1D}.Debug|Any CPU.ActiveCfg = Debug|Any CPU
		{C0F38F23-6CB5-4349-9183-5B6B568A0B1D}.Debug|Any CPU.Build.0 = Debug|Any CPU
		{C0F38F23-6CB5-4349-9183-5B6B568A0B1D}.Release|Any CPU.ActiveCfg = Release|Any CPU
		{C0F38F23-6CB5-4349-9183-5B6B568A0B1D}.Release|Any CPU.Build.0 = Release|Any CPU
	EndGlobalSection
EndGlobal
