[[package]]
name = "llvmlite"
version = "0.35.0"
description = "lightweight wrapper around basic LLVM functionality"
category = "main"
optional = false
python-versions = ">=3.6"

[[package]]
name = "numba"
version = "0.44.1"
description = "compiling Python code using LLVM"
category = "main"
optional = false
python-versions = "*"

[package.dependencies]
llvmlite = ">=0.29.0"
numpy = "*"

[[package]]
name = "numpy"
version = "1.20.3"
description = "NumPy is the fundamental package for array computing with Python."
category = "main"
optional = false
python-versions = ">=3.7"

[metadata]
lock-version = "1.1"
python-versions = "^3.7"
content-hash = "da6cfa028c9a44cdb7c17ab61dae73e4ed4d5813c369883f5c357efa175774a6"

[metadata.files]
llvmlite = [
    {file = "llvmlite-0.35.0-cp36-cp36m-macosx_10_9_x86_64.whl", hash = "sha256:6383bf98f71c0ccafb20ed1fc560127c26b8db9a2f3aeb09d2be4ae26c3d2674"},
    {file = "llvmlite-0.35.0-cp36-cp36m-manylinux2010_i686.whl", hash = "sha256:6365f3bd781512506761e081ae88722f7acdd389ae486512d3612cdbbaf1b3f4"},
    {file = "llvmlite-0.35.0-cp36-cp36m-manylinux2010_x86_64.whl", hash = "sha256:10f444ab648fb4b0ca266d0dcd201892aa8051db11f5dc98dc79631fc6bbf528"},
    {file = "llvmlite-0.35.0-cp36-cp36m-win32.whl", hash = "sha256:c541226f3ceb5bd311ef4786ad0ccfff2ed10fa601b4788b7fe8164c16719ba0"},
    {file = "llvmlite-0.35.0-cp36-cp36m-win_amd64.whl", hash = "sha256:75120207100c87ecf0a4bf297cd7da2ff04bf2a97aecfa2d327723f83e457779"},
    {file = "llvmlite-0.35.0-cp37-cp37m-macosx_10_9_x86_64.whl", hash = "sha256:4b510150a5cba35f3014ce7614c4b4d2b8a5aeeebe930693825711d66c8f127f"},
    {file = "llvmlite-0.35.0-cp37-cp37m-manylinux2010_i686.whl", hash = "sha256:822975d3ad2861d163ce7b1474e32e6ca7c6a6e76143c461ffc43aedfb610857"},
    {file = "llvmlite-0.35.0-cp37-cp37m-manylinux2010_x86_64.whl", hash = "sha256:f36f1ee5905c5e91254376db7df9163aa7793cfd79220a98ef3c9b59895f0008"},
    {file = "llvmlite-0.35.0-cp37-cp37m-win32.whl", hash = "sha256:aa844f9c0961799530915b45545c287bec1970399da27629a8d9e762ab55de9f"},
    {file = "llvmlite-0.35.0-cp37-cp37m-win_amd64.whl", hash = "sha256:8381b5530b4064a913e0bf1fb5cdd714ddd1834e0496a9343c905be5683e013a"},
    {file = "llvmlite-0.35.0-cp38-cp38-macosx_10_9_x86_64.whl", hash = "sha256:9166ed996df3e345409bd4d98bae58e0b5e85eb2f4c32b186ff5c9ae93448da5"},
    {file = "llvmlite-0.35.0-cp38-cp38-manylinux2010_i686.whl", hash = "sha256:733c8a191fa8294abb4f6a699306339b19afce84c6fc29646b5c40be92fdee41"},
    {file = "llvmlite-0.35.0-cp38-cp38-manylinux2010_x86_64.whl", hash = "sha256:4d1ed8d1d20cf57fdfff8560740283c28f44b2dd6c3749e4677c3e19b914da0a"},
    {file = "llvmlite-0.35.0-cp38-cp38-win32.whl", hash = "sha256:d5fcb329c3a8c69f280b57f91833f8a939e6688eebd4614cf6d3e04424ef3330"},
    {file = "llvmlite-0.35.0-cp38-cp38-win_amd64.whl", hash = "sha256:d99059da5630d4c38b155ef0cccd34932a8d16e2c5d18b29ec6d6ec06ef3c8b7"},
    {file = "llvmlite-0.35.0.tar.gz", hash = "sha256:80e51d5aa02ad72da9870e89d21f9b152b0220ca551b4596a6c0614bcde336fc"},
]
numba = [
    {file = "numba-0.44.1-cp27-cp27m-macosx_10_9_x86_64.whl", hash = "sha256:a6f8f0321062135debaedf52a8299a22ca6b09dcf75fa87d27777b59103e31d5"},
    {file = "numba-0.44.1-cp27-cp27m-win32.whl", hash = "sha256:d16b3c1b602f777bc1f9ef2c3f2ba27b2869a6880572ada1975f45ca7d5fd7d6"},
    {file = "numba-0.44.1-cp27-cp27m-win_amd64.whl", hash = "sha256:2b6263eae272f9ba3bdccc09b3eee9ad5296574c3fd12d9e84df711cacb75cc4"},
    {file = "numba-0.44.1-cp27-cp27mu-manylinux1_i686.whl", hash = "sha256:f74049b13a3a13cdb7229e418bb79aad11373b051cbc6c42721af7dbb949423b"},
    {file = "numba-0.44.1-cp27-cp27mu-manylinux1_x86_64.whl", hash = "sha256:c92c59db56ba9f19f4ea613ad8ddd631c70019c0cbc999f27f1a3804cb2a67e9"},
    {file = "numba-0.44.1-cp35-cp35m-macosx_10_9_x86_64.whl", hash = "sha256:ec8ff5f889cac5085b123a94c450c9ba27b6fe995881682e9f404a589a9b291d"},
    {file = "numba-0.44.1-cp35-cp35m-manylinux1_i686.whl", hash = "sha256:57b8956f1700a8a52afad3a3599a020f534cef380047eb2e50b0613d0cf426e5"},
    {file = "numba-0.44.1-cp35-cp35m-manylinux1_x86_64.whl", hash = "sha256:2058ff305a249da33e63fcde134922faf13f8e67039824fe697e2c38449e3770"},
    {file = "numba-0.44.1-cp35-cp35m-win32.whl", hash = "sha256:616e66e838568a55d9111527c59d4844616fcc4c41b7cbad79788f2d426351ca"},
    {file = "numba-0.44.1-cp35-cp35m-win_amd64.whl", hash = "sha256:ba50a422738e84d9ba788d9f35921dfb6001b53d0a22efb6f6772db8e1a87000"},
    {file = "numba-0.44.1-cp36-cp36m-macosx_10_9_x86_64.whl", hash = "sha256:6d7d1add0b09c3811db3cae6cea4269d69d518a0c4631733a1196638bd86a029"},
    {file = "numba-0.44.1-cp36-cp36m-manylinux1_i686.whl", hash = "sha256:97104beeadb70b22d02041cb2a67743146093242ee5028766d702df7dd585c8a"},
    {file = "numba-0.44.1-cp36-cp36m-manylinux1_x86_64.whl", hash = "sha256:5aa968474104a0efa84475bf96e98667efd7f28db69ffd9f26bb249b5a2388a6"},
    {file = "numba-0.44.1-cp36-cp36m-win32.whl", hash = "sha256:9a47935d2418b907733a0f29d8b53960bfe18477e2739dc243b7fc43227e25c1"},
    {file = "numba-0.44.1-cp36-cp36m-win_amd64.whl", hash = "sha256:60cd6bed5c3101bd9bdbe623dd148b400d84955e8535a192e36960df6c384e5c"},
    {file = "numba-0.44.1-cp37-cp37m-macosx_10_9_x86_64.whl", hash = "sha256:df89943b39c46984f4ec11f6e0b9eef75a4b4c61bbd0ca187b490d9ec648830d"},
    {file = "numba-0.44.1-cp37-cp37m-manylinux1_i686.whl", hash = "sha256:0c30c953ee112e715fc5e2bb8c56066e93d8cbca773b644d118ed5676b572254"},
    {file = "numba-0.44.1-cp37-cp37m-manylinux1_x86_64.whl", hash = "sha256:ddf55bf85b2a82a8abd08e2c76509aeaa2f8ad3d61f3997952f72d8d51d62606"},
    {file = "numba-0.44.1-cp37-cp37m-win32.whl", hash = "sha256:43634cb511cb9a4a237913f4d5ba6fa66648773537867519ab4480e593d45c0c"},
    {file = "numba-0.44.1-cp37-cp37m-win_amd64.whl", hash = "sha256:5fa11b49534df4768bf9477c905083aab216ef4d3b26c29ab84019f6e4b32120"},
    {file = "numba-0.44.1.tar.gz", hash = "sha256:dce26e0be17e77be22ccae2b8844adfca28561fc264ea22c7cf4bc10711839df"},
]
numpy = [
    {file = "numpy-1.20.3-cp37-cp37m-macosx_10_9_x86_64.whl", hash = "sha256:70eb5808127284c4e5c9e836208e09d685a7978b6a216db85960b1a112eeace8"},
    {file = "numpy-1.20.3-cp37-cp37m-manylinux_2_12_i686.manylinux2010_i686.whl", hash = "sha256:6ca2b85a5997dabc38301a22ee43c82adcb53ff660b89ee88dded6b33687e1d8"},
    {file = "numpy-1.20.3-cp37-cp37m-manylinux_2_12_x86_64.manylinux2010_x86_64.whl", hash = "sha256:c5bf0e132acf7557fc9bb8ded8b53bbbbea8892f3c9a1738205878ca9434206a"},
    {file = "numpy-1.20.3-cp37-cp37m-manylinux_2_17_aarch64.manylinux2014_aarch64.whl", hash = "sha256:db250fd3e90117e0312b611574cd1b3f78bec046783195075cbd7ba9c3d73f16"},
    {file = "numpy-1.20.3-cp37-cp37m-manylinux_2_5_i686.manylinux1_i686.whl", hash = "sha256:637d827248f447e63585ca3f4a7d2dfaa882e094df6cfa177cc9cf9cd6cdf6d2"},
    {file = "numpy-1.20.3-cp37-cp37m-manylinux_2_5_x86_64.manylinux1_x86_64.whl", hash = "sha256:8b7bb4b9280da3b2856cb1fc425932f46fba609819ee1c62256f61799e6a51d2"},
    {file = "numpy-1.20.3-cp37-cp37m-win32.whl", hash = "sha256:67d44acb72c31a97a3d5d33d103ab06d8ac20770e1c5ad81bdb3f0c086a56cf6"},
    {file = "numpy-1.20.3-cp37-cp37m-win_amd64.whl", hash = "sha256:43909c8bb289c382170e0282158a38cf306a8ad2ff6dfadc447e90f9961bef43"},
    {file = "numpy-1.20.3-cp38-cp38-macosx_10_9_x86_64.whl", hash = "sha256:f1452578d0516283c87608a5a5548b0cdde15b99650efdfd85182102ef7a7c17"},
    {file = "numpy-1.20.3-cp38-cp38-manylinux_2_12_i686.manylinux2010_i686.whl", hash = "sha256:6e51534e78d14b4a009a062641f465cfaba4fdcb046c3ac0b1f61dd97c861b1b"},
    {file = "numpy-1.20.3-cp38-cp38-manylinux_2_12_x86_64.manylinux2010_x86_64.whl", hash = "sha256:e515c9a93aebe27166ec9593411c58494fa98e5fcc219e47260d9ab8a1cc7f9f"},
    {file = "numpy-1.20.3-cp38-cp38-manylinux_2_17_aarch64.manylinux2014_aarch64.whl", hash = "sha256:c1c09247ccea742525bdb5f4b5ceeacb34f95731647fe55774aa36557dbb5fa4"},
    {file = "numpy-1.20.3-cp38-cp38-manylinux_2_5_i686.manylinux1_i686.whl", hash = "sha256:66fbc6fed94a13b9801fb70b96ff30605ab0a123e775a5e7a26938b717c5d71a"},
    {file = "numpy-1.20.3-cp38-cp38-manylinux_2_5_x86_64.manylinux1_x86_64.whl", hash = "sha256:ea9cff01e75a956dbee133fa8e5b68f2f92175233de2f88de3a682dd94deda65"},
    {file = "numpy-1.20.3-cp38-cp38-win32.whl", hash = "sha256:f39a995e47cb8649673cfa0579fbdd1cdd33ea497d1728a6cb194d6252268e48"},
    {file = "numpy-1.20.3-cp38-cp38-win_amd64.whl", hash = "sha256:1676b0a292dd3c99e49305a16d7a9f42a4ab60ec522eac0d3dd20cdf362ac010"},
    {file = "numpy-1.20.3-cp39-cp39-macosx_10_9_x86_64.whl", hash = "sha256:830b044f4e64a76ba71448fce6e604c0fc47a0e54d8f6467be23749ac2cbd2fb"},
    {file = "numpy-1.20.3-cp39-cp39-manylinux_2_12_i686.manylinux2010_i686.whl", hash = "sha256:55b745fca0a5ab738647d0e4db099bd0a23279c32b31a783ad2ccea729e632df"},
    {file = "numpy-1.20.3-cp39-cp39-manylinux_2_12_x86_64.manylinux2010_x86_64.whl", hash = "sha256:5d050e1e4bc9ddb8656d7b4f414557720ddcca23a5b88dd7cff65e847864c400"},
    {file = "numpy-1.20.3-cp39-cp39-manylinux_2_17_aarch64.manylinux2014_aarch64.whl", hash = "sha256:a9c65473ebc342715cb2d7926ff1e202c26376c0dcaaee85a1fd4b8d8c1d3b2f"},
    {file = "numpy-1.20.3-cp39-cp39-win32.whl", hash = "sha256:16f221035e8bd19b9dc9a57159e38d2dd060b48e93e1d843c49cb370b0f415fd"},
    {file = "numpy-1.20.3-cp39-cp39-win_amd64.whl", hash = "sha256:6690080810f77485667bfbff4f69d717c3be25e5b11bb2073e76bb3f578d99b4"},
    {file = "numpy-1.20.3-pp37-pypy37_pp73-manylinux_2_12_x86_64.manylinux2010_x86_64.whl", hash = "sha256:4e465afc3b96dbc80cf4a5273e5e2b1e3451286361b4af70ce1adb2984d392f9"},
    {file = "numpy-1.20.3.zip", hash = "sha256:e55185e51b18d788e49fe8305fd73ef4470596b33fc2c1ceb304566b99c71a69"},
]
